
Microsoft Visual Studio Solution File, Format Version 12.00
# Visual Studio Version 16
VisualStudioVersion = 16.0.29926.136
MinimumVisualStudioVersion = 10.0.40219.1
Project("{FAE04EC0-301F-11D3-BF4B-00C04F79EFBC}") = "SocieteEnumerateur", "SocieteEnumerateur\SocieteEnumerateur.csproj", "{C3F0F796-671D-45E4-9D07-911EB4452C04}"
EndProject
Global
	GlobalSection(SolutionConfigurationPlatforms) = preSolution
		Debug|Any CPU = Debug|Any CPU
		Release|Any CPU = Release|Any CPU
	EndGlobalSection
	GlobalSection(ProjectConfigurationPlatforms) = postSolution
		{C3F0F796-671D-45E4-9D07-911EB4452C04}.Debug|Any CPU.ActiveCfg = Debug|Any CPU
		{C3F0F796-671D-45E4-9D07-911EB4452C04}.Debug|Any CPU.Build.0 = Debug|Any CPU
		{C3F0F796-671D-45E4-9D07-911EB4452C04}.Release|Any CPU.ActiveCfg = Release|Any CPU
		{C3F0F796-671D-45E4-9D07-911EB4452C04}.Release|Any CPU.Build.0 = Release|Any CPU
	EndGlobalSection
	GlobalSection(SolutionProperties) = preSolution
		HideSolutionNode = FALSE
	EndGlobalSection
	GlobalSection(ExtensibilityGlobals) = postSolution
		SolutionGuid = {156ADC55-5580-45C6-BCD8-7406F5DBC628}
	EndGlobalSection
EndGlobal
